
Microsoft Visual Studio Solution File, Format Version 12.00
# Visual Studio Express 2013 for Web
VisualStudioVersion = 12.0.21005.1
MinimumVisualStudioVersion = 10.0.40219.1
Project("{2150E333-8FDC-42A3-9474-1A3956D46DE8}") = "DomainModel", "DomainModel", "{D87992C4-04EA-4D83-A8D0-2F92F6B7ED1C}"
EndProject
Project("{FAE04EC0-301F-11D3-BF4B-00C04F79EFBC}") = "Stock.Common", "Stock.Common\Stock.Common.csproj", "{31553A33-0D6B-4D00-B5A6-66D337D51423}"
EndProject
Project("{FAE04EC0-301F-11D3-BF4B-00C04F79EFBC}") = "WebApplication", "WebApplication\WebApplication.csproj", "{B6812CF2-8096-47FD-8C55-E0441108BA38}"
EndProject
Project("{2150E333-8FDC-42A3-9474-1A3956D46DE8}") = "Database", "Database", "{8BA9574F-F5B9-472B-8C92-3758B668C232}"
	ProjectSection(SolutionItems) = preProject
		Database\gazeta.sql = Database\gazeta.sql
	EndProjectSection
EndProject
Global
	GlobalSection(SolutionConfigurationPlatforms) = preSolution
		Debug|Any CPU = Debug|Any CPU
		Release|Any CPU = Release|Any CPU
	EndGlobalSection
	GlobalSection(ProjectConfigurationPlatforms) = postSolution
		{31553A33-0D6B-4D00-B5A6-66D337D51423}.Debug|Any CPU.ActiveCfg = Debug|Any CPU
		{31553A33-0D6B-4D00-B5A6-66D337D51423}.Debug|Any CPU.Build.0 = Debug|Any CPU
		{31553A33-0D6B-4D00-B5A6-66D337D51423}.Release|Any CPU.ActiveCfg = Release|Any CPU
		{31553A33-0D6B-4D00-B5A6-66D337D51423}.Release|Any CPU.Build.0 = Release|Any CPU
		{B6812CF2-8096-47FD-8C55-E0441108BA38}.Debug|Any CPU.ActiveCfg = Debug|Any CPU
		{B6812CF2-8096-47FD-8C55-E0441108BA38}.Debug|Any CPU.Build.0 = Debug|Any CPU
		{B6812CF2-8096-47FD-8C55-E0441108BA38}.Release|Any CPU.ActiveCfg = Release|Any CPU
		{B6812CF2-8096-47FD-8C55-E0441108BA38}.Release|Any CPU.Build.0 = Release|Any CPU
	EndGlobalSection
	GlobalSection(SolutionProperties) = preSolution
		HideSolutionNode = FALSE
	EndGlobalSection
	GlobalSection(NestedProjects) = preSolution
		{31553A33-0D6B-4D00-B5A6-66D337D51423} = {D87992C4-04EA-4D83-A8D0-2F92F6B7ED1C}
	EndGlobalSection
EndGlobal
